schema: '2.0'
stages:
  metrics:
    cmd: python3 metrics.py -o metrics/metrics.json -p metrics/plots.json data/
    deps:
    - path: bbreplay/
      md5: 3b14f0eaf877da9c485a9b20dd8600ae.dir
      size: 247956
      nfiles: 14
    - path: data/
      md5: 8f4f4d470b87ccc84345c3d35a283af3.dir
      size: 12440103
      nfiles: 58
    - path: metrics.py
      md5: 0162c9623340acaed4b50843bb8280a6
      size: 3310
    outs:
    - path: metrics/metrics.json
      md5: 45f40d4a45033232e38b31948c501823
      size: 5229
    - path: metrics/plots.json
      md5: d70b7e574314cf39506f79f1c8e27ce3
      size: 1772
