schema: '2.0'
stages:
  metrics:
    cmd: python3 metrics.py -o metrics/metrics.json -p metrics/plots.json data/
    deps:
    - path: bbreplay/
      md5: 8e9a78f6d6817bd556aa4d1380a4ef92.dir
      size: 255046
      nfiles: 14
    - path: data/
      md5: 8f4f4d470b87ccc84345c3d35a283af3.dir
      size: 12440103
      nfiles: 58
    - path: metrics.py
      md5: 4c652a1a18407c3922dcdfebcb01c9c4
      size: 3388
    outs:
    - path: metrics/metrics.json
      md5: a9366ddbdd1b54701543b0eec7d80b6c
      size: 5274
    - path: metrics/plots.json
      md5: c960b6c4c5fb39c8753cd4070f0111f0
      size: 1738
