schema: '2.0'
stages:
  metrics:
    cmd: python3 metrics.py -o metrics/metrics.json -p metrics/plots.json data/
    deps:
    - path: bbreplay/
      md5: ccd2944cfcfda74cf3623a466913efc9.dir
      size: 253530
      nfiles: 14
    - path: data/
      md5: 8f4f4d470b87ccc84345c3d35a283af3.dir
      size: 12440103
      nfiles: 58
    - path: metrics.py
      md5: 4c652a1a18407c3922dcdfebcb01c9c4
      size: 3388
    outs:
    - path: metrics/metrics.json
      md5: f56c4c2db42aff5cd1ed00475d2a9252
      size: 5275
    - path: metrics/plots.json
      md5: 28131053b0fd11416298f2854e74e302
      size: 1753
